{
  "name": "tests",
  "version": "0.0.1",
  "lockfileVersion": 2,
  "requires": true,
  "packages": {
    "": {
      "name": "tests",
      "version": "0.0.1",
      "license": "ISC",
      "dependencies": {
        "path": "^0.12.7",
        "playwright": "^1.23.4"
      },
      "devDependencies": {
        "@playwright/test": "^1.23.4"
      }
    },
    "node_modules/@playwright/test": {
      "version": "1.23.4",
      "resolved": "https://registry.npmjs.org/@playwright/test/-/test-1.23.4.tgz",
      "integrity": "sha512-iIsoMJDS/lyuhw82FtcV/B3PXikgVD3hNe5hyvOpRM0uRr1OIpN3LgPeRbBjhzBWmyf6RgRg5fqK5sVcpA03yA==",
      "dev": true,
      "dependencies": {
        "@types/node": "*",
        "playwright-core": "1.23.4"
      },
      "bin": {
        "playwright": "cli.js"
      },
      "engines": {
        "node": ">=14"
      }
    },
    "node_modules/@types/node": {
      "version": "18.0.6",
      "resolved": "https://registry.npmjs.org/@types/node/-/node-18.0.6.tgz",
      "integrity": "sha512-/xUq6H2aQm261exT6iZTMifUySEt4GR5KX8eYyY+C4MSNPqSh9oNIP7tz2GLKTlFaiBbgZNxffoR3CVRG+cljw==",
      "dev": true
    },
    "node_modules/inherits": {
      "version": "2.0.3",
      "resolved": "https://registry.npmjs.org/inherits/-/inherits-2.0.3.tgz",
      "integrity": "sha512-x00IRNXNy63jwGkJmzPigoySHbaqpNuzKbBOmzK+g2OdZpQ9w+sxCN+VSB3ja7IAge2OP2qpfxTjeNcyjmW1uw=="
    },
    "node_modules/path": {
      "version": "0.12.7",
      "resolved": "https://registry.npmjs.org/path/-/path-0.12.7.tgz",
      "integrity": "sha512-aXXC6s+1w7otVF9UletFkFcDsJeO7lSZBPUQhtb5O0xJe8LtYhj/GxldoL09bBj9+ZmE2hNoHqQSFMN5fikh4Q==",
      "dependencies": {
        "process": "^0.11.1",
        "util": "^0.10.3"
      }
    },
    "node_modules/playwright": {
      "version": "1.23.4",
      "resolved": "https://registry.npmjs.org/playwright/-/playwright-1.23.4.tgz",
      "integrity": "sha512-NUPOLMpd8WydmwZFllST/YZ7cImgDDDrvcaq7Gj2vAjNg0jYCndFJt6HHtbkOPSIlRo4BaQYlbFx6meq1r1FXQ==",
      "hasInstallScript": true,
      "dependencies": {
        "playwright-core": "1.23.4"
      },
      "bin": {
        "playwright": "cli.js"
      },
      "engines": {
        "node": ">=14"
      }
    },
    "node_modules/playwright-core": {
      "version": "1.23.4",
      "resolved": "https://registry.npmjs.org/playwright-core/-/playwright-core-1.23.4.tgz",
      "integrity": "sha512-h5V2yw7d8xIwotjyNrkLF13nV9RiiZLHdXeHo+nVJIYGVlZ8U2qV0pMxNJKNTvfQVT0N8/A4CW6/4EW2cOcTiA==",
      "bin": {
        "playwright": "cli.js"
      },
      "engines": {
        "node": ">=14"
      }
    },
    "node_modules/process": {
      "version": "0.11.10",
      "resolved": "https://registry.npmjs.org/process/-/process-0.11.10.tgz",
      "integrity": "sha512-cdGef/drWFoydD1JsMzuFf8100nZl+GT+yacc2bEced5f9Rjk4z+WtFUTBu9PhOi9j/jfmBPu0mMEY4wIdAF8A==",
      "engines": {
        "node": ">= 0.6.0"
      }
    },
    "node_modules/util": {
      "version": "0.10.4",
      "resolved": "https://registry.npmjs.org/util/-/util-0.10.4.tgz",
      "integrity": "sha512-0Pm9hTQ3se5ll1XihRic3FDIku70C+iHUdT/W926rSgHV5QgXsYbKZN8MSC3tJtSkhuROzvsQjAaFENRXr+19A==",
      "dependencies": {
        "inherits": "2.0.3"
      }
    }
  },
  "dependencies": {
    "@playwright/test": {
      "version": "1.23.4",
      "resolved": "https://registry.npmjs.org/@playwright/test/-/test-1.23.4.tgz",
      "integrity": "sha512-iIsoMJDS/lyuhw82FtcV/B3PXikgVD3hNe5hyvOpRM0uRr1OIpN3LgPeRbBjhzBWmyf6RgRg5fqK5sVcpA03yA==",
      "dev": true,
      "requires": {
        "@types/node": "*",
        "playwright-core": "1.23.4"
      }
    },
    "@types/node": {
      "version": "18.0.6",
      "resolved": "https://registry.npmjs.org/@types/node/-/node-18.0.6.tgz",
      "integrity": "sha512-/xUq6H2aQm261exT6iZTMifUySEt4GR5KX8eYyY+C4MSNPqSh9oNIP7tz2GLKTlFaiBbgZNxffoR3CVRG+cljw==",
      "dev": true
    },
    "inherits": {
      "version": "2.0.3",
      "resolved": "https://registry.npmjs.org/inherits/-/inherits-2.0.3.tgz",
      "integrity": "sha512-x00IRNXNy63jwGkJmzPigoySHbaqpNuzKbBOmzK+g2OdZpQ9w+sxCN+VSB3ja7IAge2OP2qpfxTjeNcyjmW1uw=="
    },
    "path": {
      "version": "0.12.7",
      "resolved": "https://registry.npmjs.org/path/-/path-0.12.7.tgz",
      "integrity": "sha512-aXXC6s+1w7otVF9UletFkFcDsJeO7lSZBPUQhtb5O0xJe8LtYhj/GxldoL09bBj9+ZmE2hNoHqQSFMN5fikh4Q==",
      "requires": {
        "process": "^0.11.1",
        "util": "^0.10.3"
      }
    },
    "playwright": {
      "version": "1.23.4",
      "resolved": "https://registry.npmjs.org/playwright/-/playwright-1.23.4.tgz",
      "integrity": "sha512-NUPOLMpd8WydmwZFllST/YZ7cImgDDDrvcaq7Gj2vAjNg0jYCndFJt6HHtbkOPSIlRo4BaQYlbFx6meq1r1FXQ==",
      "requires": {
        "playwright-core": "1.23.4"
      }
    },
    "playwright-core": {
      "version": "1.23.4",
      "resolved": "https://registry.npmjs.org/playwright-core/-/playwright-core-1.23.4.tgz",
      "integrity": "sha512-h5V2yw7d8xIwotjyNrkLF13nV9RiiZLHdXeHo+nVJIYGVlZ8U2qV0pMxNJKNTvfQVT0N8/A4CW6/4EW2cOcTiA=="
    },
    "process": {
      "version": "0.11.10",
      "resolved": "https://registry.npmjs.org/process/-/process-0.11.10.tgz",
      "integrity": "sha512-cdGef/drWFoydD1JsMzuFf8100nZl+GT+yacc2bEced5f9Rjk4z+WtFUTBu9PhOi9j/jfmBPu0mMEY4wIdAF8A=="
    },
    "util": {
      "version": "0.10.4",
      "resolved": "https://registry.npmjs.org/util/-/util-0.10.4.tgz",
      "integrity": "sha512-0Pm9hTQ3se5ll1XihRic3FDIku70C+iHUdT/W926rSgHV5QgXsYbKZN8MSC3tJtSkhuROzvsQjAaFENRXr+19A==",
      "requires": {
        "inherits": "2.0.3"
      }
    }
  }
}
